
Microsoft Visual Studio Solution File, Format Version 12.00
# Visual Studio Version 16
VisualStudioVersion = 16.0.31624.102
MinimumVisualStudioVersion = 10.0.40219.1
Project("{2150E333-8FDC-42A3-9474-1A3956D46DE8}") = "Services", "Services", "{01CA496E-E044-4F74-B471-1C9E9D3310DE}"
EndProject
Project("{2150E333-8FDC-42A3-9474-1A3956D46DE8}") = "Catalog", "Catalog", "{08B91B3A-80DA-43A5-A375-2436FAA1164F}"
EndProject
Project("{FAE04EC0-301F-11D3-BF4B-00C04F79EFBC}") = "Catalog.API", "Services\Catalog\Catalog.API\Catalog.API.csproj", "{2BF7C896-C51A-4411-A6D1-9D2E27EA5A35}"
EndProject
Project("{E53339B2-1760-4266-BCC7-CA923CBCF16C}") = "docker-compose", "docker-compose.dcproj", "{6C2E3CB8-E76C-47AB-93C9-A3E71E491D85}"
EndProject
Global
	GlobalSection(SolutionConfigurationPlatforms) = preSolution
		Debug|Any CPU = Debug|Any CPU
		Release|Any CPU = Release|Any CPU
	EndGlobalSection
	GlobalSection(ProjectConfigurationPlatforms) = postSolution
		{2BF7C896-C51A-4411-A6D1-9D2E27EA5A35}.Debug|Any CPU.ActiveCfg = Debug|Any CPU
		{2BF7C896-C51A-4411-A6D1-9D2E27EA5A35}.Debug|Any CPU.Build.0 = Debug|Any CPU
		{2BF7C896-C51A-4411-A6D1-9D2E27EA5A35}.Release|Any CPU.ActiveCfg = Release|Any CPU
		{2BF7C896-C51A-4411-A6D1-9D2E27EA5A35}.Release|Any CPU.Build.0 = Release|Any CPU
		{6C2E3CB8-E76C-47AB-93C9-A3E71E491D85}.Debug|Any CPU.ActiveCfg = Debug|Any CPU
		{6C2E3CB8-E76C-47AB-93C9-A3E71E491D85}.Debug|Any CPU.Build.0 = Debug|Any CPU
		{6C2E3CB8-E76C-47AB-93C9-A3E71E491D85}.Release|Any CPU.ActiveCfg = Release|Any CPU
		{6C2E3CB8-E76C-47AB-93C9-A3E71E491D85}.Release|Any CPU.Build.0 = Release|Any CPU
	EndGlobalSection
	GlobalSection(SolutionProperties) = preSolution
		HideSolutionNode = FALSE
	EndGlobalSection
	GlobalSection(NestedProjects) = preSolution
		{08B91B3A-80DA-43A5-A375-2436FAA1164F} = {01CA496E-E044-4F74-B471-1C9E9D3310DE}
		{2BF7C896-C51A-4411-A6D1-9D2E27EA5A35} = {08B91B3A-80DA-43A5-A375-2436FAA1164F}
	EndGlobalSection
	GlobalSection(ExtensibilityGlobals) = postSolution
		SolutionGuid = {315D7E05-C43D-4BFC-BABF-CCF339CDBFFD}
	EndGlobalSection
EndGlobal
